
Microsoft Visual Studio Solution File, Format Version 12.00
# Visual Studio Version 17
VisualStudioVersion = 17.14.36915.13 d17.14
MinimumVisualStudioVersion = 10.0.40219.1
Project("{FAE04EC0-301F-11D3-BF4B-00C04F79EFBC}") = "ExcelAddIn1", "ExcelAddIn1\ExcelAddIn1.csproj", "{FE4E3398-269C-405E-8CF3-F54FFE25DF2A}"
EndProject
Project("{FAE04EC0-301F-11D3-BF4B-00C04F79EFBC}") = "UnitTestProject1", "UnitTestProject1\UnitTestProject1.csproj", "{A951F414-3FD2-4673-8C65-62EDEE390948}"
EndProject
Global
	GlobalSection(SolutionConfigurationPlatforms) = preSolution
		Debug|Any CPU = Debug|Any CPU
		Release|Any CPU = Release|Any CPU
	EndGlobalSection
	GlobalSection(ProjectConfigurationPlatforms) = postSolution
		{FE4E3398-269C-405E-8CF3-F54FFE25DF2A}.Debug|Any CPU.ActiveCfg = Debug|Any CPU
		{FE4E3398-269C-405E-8CF3-F54FFE25DF2A}.Debug|Any CPU.Build.0 = Debug|Any CPU
		{FE4E3398-269C-405E-8CF3-F54FFE25DF2A}.Release|Any CPU.ActiveCfg = Release|Any CPU
		{FE4E3398-269C-405E-8CF3-F54FFE25DF2A}.Release|Any CPU.Build.0 = Release|Any CPU
		{A951F414-3FD2-4673-8C65-62EDEE390948}.Debug|Any CPU.ActiveCfg = Debug|Any CPU
		{A951F414-3FD2-4673-8C65-62EDEE390948}.Debug|Any CPU.Build.0 = Debug|Any CPU
		{A951F414-3FD2-4673-8C65-62EDEE390948}.Release|Any CPU.ActiveCfg = Release|Any CPU
		{A951F414-3FD2-4673-8C65-62EDEE390948}.Release|Any CPU.Build.0 = Release|Any CPU
	EndGlobalSection
	GlobalSection(SolutionProperties) = preSolution
		HideSolutionNode = FALSE
	EndGlobalSection
	GlobalSection(ExtensibilityGlobals) = postSolution
		SolutionGuid = {218BA2C4-F5AB-4222-904F-37B2459F7728}
	EndGlobalSection
EndGlobal
